{
  "name": "ltt-wan-show-to-podcast",
  "version": "1.0.0",
  "lockfileVersion": 1,
  "requires": true,
  "dependencies": {
    "jstoxml": {
      "version": "1.6.7",
      "resolved": "https://registry.npmjs.org/jstoxml/-/jstoxml-1.6.7.tgz",
      "integrity": "sha512-XTVwGdi/saJtJgiLvl9Fi/J7GsFuRiOER52QIlYv+10vq2LANx/l+d/AvbAF2kF3UOQF2dkW09WzqKH1z148XQ=="
    }
  }
}
